
Microsoft Visual Studio Solution File, Format Version 12.00
# Visual Studio 14
VisualStudioVersion = 14.0.25420.1
MinimumVisualStudioVersion = 10.0.40219.1
Project("{FAE04EC0-301F-11D3-BF4B-00C04F79EFBC}") = "App3", "App3\App3.csproj", "{AFBC41A4-D709-4A9C-AF8B-659915E3085F}"
EndProject
Project("{FAE04EC0-301F-11D3-BF4B-00C04F79EFBC}") = "fias2pgsql", "fias2pgsql\fias2pgsql.csproj", "{4841D38F-3A75-4795-A070-C3D8C750FA32}"
EndProject
Project("{FAE04EC0-301F-11D3-BF4B-00C04F79EFBC}") = "MdbTablesEditor", "MdbTablesEditor\MdbTablesEditor.csproj", "{C2D10051-F369-4C09-8867-4DA16AD37F6E}"
EndProject
Project("{FAE04EC0-301F-11D3-BF4B-00C04F79EFBC}") = "loadobjects", "loadobjects\loadobjects.csproj", "{93590CE8-7314-4A4B-9FB2-479673CF54A1}"
EndProject
Project("{FAE04EC0-301F-11D3-BF4B-00C04F79EFBC}") = "AddrNorm", "AddrNorm\AddrNorm\AddrNorm.csproj", "{816551EB-6F52-4583-93D2-4053324F11E7}"
EndProject
Project("{FAE04EC0-301F-11D3-BF4B-00C04F79EFBC}") = "updater", "updater\updater.csproj", "{585B530D-7D4B-46E2-BE87-64022791A358}"
EndProject
Project("{FAE04EC0-301F-11D3-BF4B-00C04F79EFBC}") = "launcher", "launcher\launcher.csproj", "{2859003E-3CEE-4949-B18B-8ED9A3584A61}"
EndProject
Project("{FAE04EC0-301F-11D3-BF4B-00C04F79EFBC}") = "LaunchService", "LaunchService\LaunchService.csproj", "{A2833088-508B-4BB3-A8BC-A22E952404BC}"
EndProject
Project("{FAE04EC0-301F-11D3-BF4B-00C04F79EFBC}") = "Communication.Sockets.Core", "..\..\..\Documents\Visual Studio 2015\Projects\SocketProject\Sockets Multiple Clients - Bytes\Communication.Sockets.Core\Communication.Sockets.Core.csproj", "{DC7B20D0-B1D4-40E1-AF98-7C4DB3291A8D}"
EndProject
Project("{FAE04EC0-301F-11D3-BF4B-00C04F79EFBC}") = "SpoloxInstall", "SpoloxInstall\SpoloxInstall.csproj", "{6DBEC34A-2726-45A1-B685-54540F5BBC1E}"
EndProject
Project("{FAE04EC0-301F-11D3-BF4B-00C04F79EFBC}") = "ObjectLoader", "ObjectLoader\ObjectLoader.csproj", "{7604475A-41C0-4F1C-B36D-3515BE9C0C30}"
EndProject
Project("{FAE04EC0-301F-11D3-BF4B-00C04F79EFBC}") = "Report", "Report\Report\Report.csproj", "{BA474BB4-D7F2-4C14-BCBC-558B10C1AE9B}"
EndProject
Global
	GlobalSection(SolutionConfigurationPlatforms) = preSolution
		CD_ROM|Any CPU = CD_ROM|Any CPU
		CD_ROM|x64 = CD_ROM|x64
		CD_ROM|x86 = CD_ROM|x86
		Debug|Any CPU = Debug|Any CPU
		Debug|x64 = Debug|x64
		Debug|x86 = Debug|x86
		DVD-5|Any CPU = DVD-5|Any CPU
		DVD-5|x64 = DVD-5|x64
		DVD-5|x86 = DVD-5|x86
		Release|Any CPU = Release|Any CPU
		Release|x64 = Release|x64
		Release|x86 = Release|x86
		SingleImage|Any CPU = SingleImage|Any CPU
		SingleImage|x64 = SingleImage|x64
		SingleImage|x86 = SingleImage|x86
	EndGlobalSection
	GlobalSection(ProjectConfigurationPlatforms) = postSolution
		{AFBC41A4-D709-4A9C-AF8B-659915E3085F}.CD_ROM|Any CPU.ActiveCfg = Release|Any CPU
		{AFBC41A4-D709-4A9C-AF8B-659915E3085F}.CD_ROM|Any CPU.Build.0 = Release|Any CPU
		{AFBC41A4-D709-4A9C-AF8B-659915E3085F}.CD_ROM|x64.ActiveCfg = Release|x64
		{AFBC41A4-D709-4A9C-AF8B-659915E3085F}.CD_ROM|x64.Build.0 = Release|x64
		{AFBC41A4-D709-4A9C-AF8B-659915E3085F}.CD_ROM|x86.ActiveCfg = Release|x86
		{AFBC41A4-D709-4A9C-AF8B-659915E3085F}.CD_ROM|x86.Build.0 = Release|x86
		{AFBC41A4-D709-4A9C-AF8B-659915E3085F}.Debug|Any CPU.ActiveCfg = Debug|Any CPU
		{AFBC41A4-D709-4A9C-AF8B-659915E3085F}.Debug|Any CPU.Build.0 = Debug|Any CPU
		{AFBC41A4-D709-4A9C-AF8B-659915E3085F}.Debug|x64.ActiveCfg = Debug|x64
		{AFBC41A4-D709-4A9C-AF8B-659915E3085F}.Debug|x64.Build.0 = Debug|x64
		{AFBC41A4-D709-4A9C-AF8B-659915E3085F}.Debug|x86.ActiveCfg = Debug|x86
		{AFBC41A4-D709-4A9C-AF8B-659915E3085F}.Debug|x86.Build.0 = Debug|x86
		{AFBC41A4-D709-4A9C-AF8B-659915E3085F}.DVD-5|Any CPU.ActiveCfg = Debug|Any CPU
		{AFBC41A4-D709-4A9C-AF8B-659915E3085F}.DVD-5|Any CPU.Build.0 = Debug|Any CPU
		{AFBC41A4-D709-4A9C-AF8B-659915E3085F}.DVD-5|x64.ActiveCfg = Debug|x64
		{AFBC41A4-D709-4A9C-AF8B-659915E3085F}.DVD-5|x64.Build.0 = Debug|x64
		{AFBC41A4-D709-4A9C-AF8B-659915E3085F}.DVD-5|x86.ActiveCfg = Debug|x86
		{AFBC41A4-D709-4A9C-AF8B-659915E3085F}.DVD-5|x86.Build.0 = Debug|x86
		{AFBC41A4-D709-4A9C-AF8B-659915E3085F}.Release|Any CPU.ActiveCfg = Release|Any CPU
		{AFBC41A4-D709-4A9C-AF8B-659915E3085F}.Release|Any CPU.Build.0 = Release|Any CPU
		{AFBC41A4-D709-4A9C-AF8B-659915E3085F}.Release|x64.ActiveCfg = Release|x64
		{AFBC41A4-D709-4A9C-AF8B-659915E3085F}.Release|x64.Build.0 = Release|x64
		{AFBC41A4-D709-4A9C-AF8B-659915E3085F}.Release|x86.ActiveCfg = Release|Any CPU
		{AFBC41A4-D709-4A9C-AF8B-659915E3085F}.Release|x86.Build.0 = Release|Any CPU
		{AFBC41A4-D709-4A9C-AF8B-659915E3085F}.SingleImage|Any CPU.ActiveCfg = Release|Any CPU
		{AFBC41A4-D709-4A9C-AF8B-659915E3085F}.SingleImage|Any CPU.Build.0 = Release|Any CPU
		{AFBC41A4-D709-4A9C-AF8B-659915E3085F}.SingleImage|x64.ActiveCfg = Release|x64
		{AFBC41A4-D709-4A9C-AF8B-659915E3085F}.SingleImage|x64.Build.0 = Release|x64
		{AFBC41A4-D709-4A9C-AF8B-659915E3085F}.SingleImage|x86.ActiveCfg = Release|x86
		{AFBC41A4-D709-4A9C-AF8B-659915E3085F}.SingleImage|x86.Build.0 = Release|x86
		{4841D38F-3A75-4795-A070-C3D8C750FA32}.CD_ROM|Any CPU.ActiveCfg = Release|Any CPU
		{4841D38F-3A75-4795-A070-C3D8C750FA32}.CD_ROM|Any CPU.Build.0 = Release|Any CPU
		{4841D38F-3A75-4795-A070-C3D8C750FA32}.CD_ROM|x64.ActiveCfg = Debug|Any CPU
		{4841D38F-3A75-4795-A070-C3D8C750FA32}.CD_ROM|x86.ActiveCfg = Debug|Any CPU
		{4841D38F-3A75-4795-A070-C3D8C750FA32}.Debug|Any CPU.ActiveCfg = Debug|Any CPU
		{4841D38F-3A75-4795-A070-C3D8C750FA32}.Debug|Any CPU.Build.0 = Debug|Any CPU
		{4841D38F-3A75-4795-A070-C3D8C750FA32}.Debug|x64.ActiveCfg = Debug|Any CPU
		{4841D38F-3A75-4795-A070-C3D8C750FA32}.Debug|x86.ActiveCfg = Debug|Any CPU
		{4841D38F-3A75-4795-A070-C3D8C750FA32}.DVD-5|Any CPU.ActiveCfg = Debug|Any CPU
		{4841D38F-3A75-4795-A070-C3D8C750FA32}.DVD-5|Any CPU.Build.0 = Debug|Any CPU
		{4841D38F-3A75-4795-A070-C3D8C750FA32}.DVD-5|x64.ActiveCfg = Debug|Any CPU
		{4841D38F-3A75-4795-A070-C3D8C750FA32}.DVD-5|x86.ActiveCfg = Debug|Any CPU
		{4841D38F-3A75-4795-A070-C3D8C750FA32}.Release|Any CPU.ActiveCfg = Release|Any CPU
		{4841D38F-3A75-4795-A070-C3D8C750FA32}.Release|Any CPU.Build.0 = Release|Any CPU
		{4841D38F-3A75-4795-A070-C3D8C750FA32}.Release|x64.ActiveCfg = Release|Any CPU
		{4841D38F-3A75-4795-A070-C3D8C750FA32}.Release|x86.ActiveCfg = Release|Any CPU
		{4841D38F-3A75-4795-A070-C3D8C750FA32}.SingleImage|Any CPU.ActiveCfg = Release|Any CPU
		{4841D38F-3A75-4795-A070-C3D8C750FA32}.SingleImage|Any CPU.Build.0 = Release|Any CPU
		{4841D38F-3A75-4795-A070-C3D8C750FA32}.SingleImage|x64.ActiveCfg = Debug|Any CPU
		{4841D38F-3A75-4795-A070-C3D8C750FA32}.SingleImage|x86.ActiveCfg = Debug|Any CPU
		{C2D10051-F369-4C09-8867-4DA16AD37F6E}.CD_ROM|Any CPU.ActiveCfg = Release|Any CPU
		{C2D10051-F369-4C09-8867-4DA16AD37F6E}.CD_ROM|Any CPU.Build.0 = Release|Any CPU
		{C2D10051-F369-4C09-8867-4DA16AD37F6E}.CD_ROM|x64.ActiveCfg = Debug|Any CPU
		{C2D10051-F369-4C09-8867-4DA16AD37F6E}.CD_ROM|x86.ActiveCfg = Debug|Any CPU
		{C2D10051-F369-4C09-8867-4DA16AD37F6E}.Debug|Any CPU.ActiveCfg = Debug|Any CPU
		{C2D10051-F369-4C09-8867-4DA16AD37F6E}.Debug|Any CPU.Build.0 = Debug|Any CPU
		{C2D10051-F369-4C09-8867-4DA16AD37F6E}.Debug|x64.ActiveCfg = Debug|Any CPU
		{C2D10051-F369-4C09-8867-4DA16AD37F6E}.Debug|x86.ActiveCfg = Debug|Any CPU
		{C2D10051-F369-4C09-8867-4DA16AD37F6E}.DVD-5|Any CPU.ActiveCfg = Debug|Any CPU
		{C2D10051-F369-4C09-8867-4DA16AD37F6E}.DVD-5|Any CPU.Build.0 = Debug|Any CPU
		{C2D10051-F369-4C09-8867-4DA16AD37F6E}.DVD-5|x64.ActiveCfg = Debug|Any CPU
		{C2D10051-F369-4C09-8867-4DA16AD37F6E}.DVD-5|x86.ActiveCfg = Debug|Any CPU
		{C2D10051-F369-4C09-8867-4DA16AD37F6E}.Release|Any CPU.ActiveCfg = Release|Any CPU
		{C2D10051-F369-4C09-8867-4DA16AD37F6E}.Release|Any CPU.Build.0 = Release|Any CPU
		{C2D10051-F369-4C09-8867-4DA16AD37F6E}.Release|x64.ActiveCfg = Release|Any CPU
		{C2D10051-F369-4C09-8867-4DA16AD37F6E}.Release|x86.ActiveCfg = Release|Any CPU
		{C2D10051-F369-4C09-8867-4DA16AD37F6E}.SingleImage|Any CPU.ActiveCfg = Release|Any CPU
		{C2D10051-F369-4C09-8867-4DA16AD37F6E}.SingleImage|Any CPU.Build.0 = Release|Any CPU
		{C2D10051-F369-4C09-8867-4DA16AD37F6E}.SingleImage|x64.ActiveCfg = Debug|Any CPU
		{C2D10051-F369-4C09-8867-4DA16AD37F6E}.SingleImage|x86.ActiveCfg = Debug|Any CPU
		{93590CE8-7314-4A4B-9FB2-479673CF54A1}.CD_ROM|Any CPU.ActiveCfg = Release|Any CPU
		{93590CE8-7314-4A4B-9FB2-479673CF54A1}.CD_ROM|Any CPU.Build.0 = Release|Any CPU
		{93590CE8-7314-4A4B-9FB2-479673CF54A1}.CD_ROM|x64.ActiveCfg = Debug|Any CPU
		{93590CE8-7314-4A4B-9FB2-479673CF54A1}.CD_ROM|x86.ActiveCfg = Debug|Any CPU
		{93590CE8-7314-4A4B-9FB2-479673CF54A1}.Debug|Any CPU.ActiveCfg = Debug|Any CPU
		{93590CE8-7314-4A4B-9FB2-479673CF54A1}.Debug|Any CPU.Build.0 = Debug|Any CPU
		{93590CE8-7314-4A4B-9FB2-479673CF54A1}.Debug|x64.ActiveCfg = Debug|Any CPU
		{93590CE8-7314-4A4B-9FB2-479673CF54A1}.Debug|x86.ActiveCfg = Debug|Any CPU
		{93590CE8-7314-4A4B-9FB2-479673CF54A1}.DVD-5|Any CPU.ActiveCfg = Debug|Any CPU
		{93590CE8-7314-4A4B-9FB2-479673CF54A1}.DVD-5|Any CPU.Build.0 = Debug|Any CPU
		{93590CE8-7314-4A4B-9FB2-479673CF54A1}.DVD-5|x64.ActiveCfg = Debug|Any CPU
		{93590CE8-7314-4A4B-9FB2-479673CF54A1}.DVD-5|x86.ActiveCfg = Debug|Any CPU
		{93590CE8-7314-4A4B-9FB2-479673CF54A1}.Release|Any CPU.ActiveCfg = Release|Any CPU
		{93590CE8-7314-4A4B-9FB2-479673CF54A1}.Release|Any CPU.Build.0 = Release|Any CPU
		{93590CE8-7314-4A4B-9FB2-479673CF54A1}.Release|x64.ActiveCfg = Release|Any CPU
		{93590CE8-7314-4A4B-9FB2-479673CF54A1}.Release|x86.ActiveCfg = Release|Any CPU
		{93590CE8-7314-4A4B-9FB2-479673CF54A1}.SingleImage|Any CPU.ActiveCfg = Release|Any CPU
		{93590CE8-7314-4A4B-9FB2-479673CF54A1}.SingleImage|Any CPU.Build.0 = Release|Any CPU
		{93590CE8-7314-4A4B-9FB2-479673CF54A1}.SingleImage|x64.ActiveCfg = Debug|Any CPU
		{93590CE8-7314-4A4B-9FB2-479673CF54A1}.SingleImage|x86.ActiveCfg = Debug|Any CPU
		{816551EB-6F52-4583-93D2-4053324F11E7}.CD_ROM|Any CPU.ActiveCfg = Release|Any CPU
		{816551EB-6F52-4583-93D2-4053324F11E7}.CD_ROM|Any CPU.Build.0 = Release|Any CPU
		{816551EB-6F52-4583-93D2-4053324F11E7}.CD_ROM|x64.ActiveCfg = Debug|Any CPU
		{816551EB-6F52-4583-93D2-4053324F11E7}.CD_ROM|x86.ActiveCfg = Debug|Any CPU
		{816551EB-6F52-4583-93D2-4053324F11E7}.Debug|Any CPU.ActiveCfg = Debug|Any CPU
		{816551EB-6F52-4583-93D2-4053324F11E7}.Debug|Any CPU.Build.0 = Debug|Any CPU
		{816551EB-6F52-4583-93D2-4053324F11E7}.Debug|x64.ActiveCfg = Debug|Any CPU
		{816551EB-6F52-4583-93D2-4053324F11E7}.Debug|x86.ActiveCfg = Debug|Any CPU
		{816551EB-6F52-4583-93D2-4053324F11E7}.DVD-5|Any CPU.ActiveCfg = Debug|Any CPU
		{816551EB-6F52-4583-93D2-4053324F11E7}.DVD-5|Any CPU.Build.0 = Debug|Any CPU
		{816551EB-6F52-4583-93D2-4053324F11E7}.DVD-5|x64.ActiveCfg = Debug|Any CPU
		{816551EB-6F52-4583-93D2-4053324F11E7}.DVD-5|x86.ActiveCfg = Debug|Any CPU
		{816551EB-6F52-4583-93D2-4053324F11E7}.Release|Any CPU.ActiveCfg = Release|Any CPU
		{816551EB-6F52-4583-93D2-4053324F11E7}.Release|Any CPU.Build.0 = Release|Any CPU
		{816551EB-6F52-4583-93D2-4053324F11E7}.Release|x64.ActiveCfg = Release|Any CPU
		{816551EB-6F52-4583-93D2-4053324F11E7}.Release|x86.ActiveCfg = Release|Any CPU
		{816551EB-6F52-4583-93D2-4053324F11E7}.SingleImage|Any CPU.ActiveCfg = Release|Any CPU
		{816551EB-6F52-4583-93D2-4053324F11E7}.SingleImage|Any CPU.Build.0 = Release|Any CPU
		{816551EB-6F52-4583-93D2-4053324F11E7}.SingleImage|x64.ActiveCfg = Debug|Any CPU
		{816551EB-6F52-4583-93D2-4053324F11E7}.SingleImage|x86.ActiveCfg = Debug|Any CPU
		{585B530D-7D4B-46E2-BE87-64022791A358}.CD_ROM|Any CPU.ActiveCfg = Release|Any CPU
		{585B530D-7D4B-46E2-BE87-64022791A358}.CD_ROM|Any CPU.Build.0 = Release|Any CPU
		{585B530D-7D4B-46E2-BE87-64022791A358}.CD_ROM|x64.ActiveCfg = Release|Any CPU
		{585B530D-7D4B-46E2-BE87-64022791A358}.CD_ROM|x86.ActiveCfg = Debug|Any CPU
		{585B530D-7D4B-46E2-BE87-64022791A358}.Debug|Any CPU.ActiveCfg = Debug|Any CPU
		{585B530D-7D4B-46E2-BE87-64022791A358}.Debug|Any CPU.Build.0 = Debug|Any CPU
		{585B530D-7D4B-46E2-BE87-64022791A358}.Debug|x64.ActiveCfg = Debug|Any CPU
		{585B530D-7D4B-46E2-BE87-64022791A358}.Debug|x86.ActiveCfg = Debug|Any CPU
		{585B530D-7D4B-46E2-BE87-64022791A358}.DVD-5|Any CPU.ActiveCfg = Debug|Any CPU
		{585B530D-7D4B-46E2-BE87-64022791A358}.DVD-5|Any CPU.Build.0 = Debug|Any CPU
		{585B530D-7D4B-46E2-BE87-64022791A358}.DVD-5|x64.ActiveCfg = Debug|Any CPU
		{585B530D-7D4B-46E2-BE87-64022791A358}.DVD-5|x86.ActiveCfg = Debug|Any CPU
		{585B530D-7D4B-46E2-BE87-64022791A358}.Release|Any CPU.ActiveCfg = Release|Any CPU
		{585B530D-7D4B-46E2-BE87-64022791A358}.Release|Any CPU.Build.0 = Release|Any CPU
		{585B530D-7D4B-46E2-BE87-64022791A358}.Release|x64.ActiveCfg = Release|Any CPU
		{585B530D-7D4B-46E2-BE87-64022791A358}.Release|x86.ActiveCfg = Release|Any CPU
		{585B530D-7D4B-46E2-BE87-64022791A358}.Release|x86.Build.0 = Release|Any CPU
		{585B530D-7D4B-46E2-BE87-64022791A358}.SingleImage|Any CPU.ActiveCfg = Release|Any CPU
		{585B530D-7D4B-46E2-BE87-64022791A358}.SingleImage|Any CPU.Build.0 = Release|Any CPU
		{585B530D-7D4B-46E2-BE87-64022791A358}.SingleImage|x64.ActiveCfg = Release|Any CPU
		{585B530D-7D4B-46E2-BE87-64022791A358}.SingleImage|x86.ActiveCfg = Debug|Any CPU
		{2859003E-3CEE-4949-B18B-8ED9A3584A61}.CD_ROM|Any CPU.ActiveCfg = Release|Any CPU
		{2859003E-3CEE-4949-B18B-8ED9A3584A61}.CD_ROM|Any CPU.Build.0 = Release|Any CPU
		{2859003E-3CEE-4949-B18B-8ED9A3584A61}.CD_ROM|x64.ActiveCfg = Release|Any CPU
		{2859003E-3CEE-4949-B18B-8ED9A3584A61}.CD_ROM|x86.ActiveCfg = Debug|Any CPU
		{2859003E-3CEE-4949-B18B-8ED9A3584A61}.Debug|Any CPU.ActiveCfg = Debug|Any CPU
		{2859003E-3CEE-4949-B18B-8ED9A3584A61}.Debug|Any CPU.Build.0 = Debug|Any CPU
		{2859003E-3CEE-4949-B18B-8ED9A3584A61}.Debug|x64.ActiveCfg = Debug|Any CPU
		{2859003E-3CEE-4949-B18B-8ED9A3584A61}.Debug|x86.ActiveCfg = Debug|Any CPU
		{2859003E-3CEE-4949-B18B-8ED9A3584A61}.DVD-5|Any CPU.ActiveCfg = Debug|Any CPU
		{2859003E-3CEE-4949-B18B-8ED9A3584A61}.DVD-5|Any CPU.Build.0 = Debug|Any CPU
		{2859003E-3CEE-4949-B18B-8ED9A3584A61}.DVD-5|x64.ActiveCfg = Debug|Any CPU
		{2859003E-3CEE-4949-B18B-8ED9A3584A61}.DVD-5|x86.ActiveCfg = Debug|Any CPU
		{2859003E-3CEE-4949-B18B-8ED9A3584A61}.Release|Any CPU.ActiveCfg = Release|Any CPU
		{2859003E-3CEE-4949-B18B-8ED9A3584A61}.Release|Any CPU.Build.0 = Release|Any CPU
		{2859003E-3CEE-4949-B18B-8ED9A3584A61}.Release|x64.ActiveCfg = Release|Any CPU
		{2859003E-3CEE-4949-B18B-8ED9A3584A61}.Release|x86.ActiveCfg = Release|Any CPU
		{2859003E-3CEE-4949-B18B-8ED9A3584A61}.SingleImage|Any CPU.ActiveCfg = Release|Any CPU
		{2859003E-3CEE-4949-B18B-8ED9A3584A61}.SingleImage|Any CPU.Build.0 = Release|Any CPU
		{2859003E-3CEE-4949-B18B-8ED9A3584A61}.SingleImage|x64.ActiveCfg = Release|Any CPU
		{2859003E-3CEE-4949-B18B-8ED9A3584A61}.SingleImage|x86.ActiveCfg = Debug|Any CPU
		{A2833088-508B-4BB3-A8BC-A22E952404BC}.CD_ROM|Any CPU.ActiveCfg = Release|Any CPU
		{A2833088-508B-4BB3-A8BC-A22E952404BC}.CD_ROM|Any CPU.Build.0 = Release|Any CPU
		{A2833088-508B-4BB3-A8BC-A22E952404BC}.CD_ROM|x64.ActiveCfg = Release|Any CPU
		{A2833088-508B-4BB3-A8BC-A22E952404BC}.CD_ROM|x64.Build.0 = Release|Any CPU
		{A2833088-508B-4BB3-A8BC-A22E952404BC}.CD_ROM|x86.ActiveCfg = Release|Any CPU
		{A2833088-508B-4BB3-A8BC-A22E952404BC}.CD_ROM|x86.Build.0 = Release|Any CPU
		{A2833088-508B-4BB3-A8BC-A22E952404BC}.Debug|Any CPU.ActiveCfg = Debug|Any CPU
		{A2833088-508B-4BB3-A8BC-A22E952404BC}.Debug|Any CPU.Build.0 = Debug|Any CPU
		{A2833088-508B-4BB3-A8BC-A22E952404BC}.Debug|x64.ActiveCfg = Debug|Any CPU
		{A2833088-508B-4BB3-A8BC-A22E952404BC}.Debug|x64.Build.0 = Debug|Any CPU
		{A2833088-508B-4BB3-A8BC-A22E952404BC}.Debug|x86.ActiveCfg = Debug|Any CPU
		{A2833088-508B-4BB3-A8BC-A22E952404BC}.Debug|x86.Build.0 = Debug|Any CPU
		{A2833088-508B-4BB3-A8BC-A22E952404BC}.DVD-5|Any CPU.ActiveCfg = Debug|Any CPU
		{A2833088-508B-4BB3-A8BC-A22E952404BC}.DVD-5|Any CPU.Build.0 = Debug|Any CPU
		{A2833088-508B-4BB3-A8BC-A22E952404BC}.DVD-5|x64.ActiveCfg = Debug|Any CPU
		{A2833088-508B-4BB3-A8BC-A22E952404BC}.DVD-5|x64.Build.0 = Debug|Any CPU
		{A2833088-508B-4BB3-A8BC-A22E952404BC}.DVD-5|x86.ActiveCfg = Debug|Any CPU
		{A2833088-508B-4BB3-A8BC-A22E952404BC}.DVD-5|x86.Build.0 = Debug|Any CPU
		{A2833088-508B-4BB3-A8BC-A22E952404BC}.Release|Any CPU.ActiveCfg = Release|Any CPU
		{A2833088-508B-4BB3-A8BC-A22E952404BC}.Release|Any CPU.Build.0 = Release|Any CPU
		{A2833088-508B-4BB3-A8BC-A22E952404BC}.Release|x64.ActiveCfg = Release|Any CPU
		{A2833088-508B-4BB3-A8BC-A22E952404BC}.Release|x64.Build.0 = Release|Any CPU
		{A2833088-508B-4BB3-A8BC-A22E952404BC}.Release|x86.ActiveCfg = Release|Any CPU
		{A2833088-508B-4BB3-A8BC-A22E952404BC}.Release|x86.Build.0 = Release|Any CPU
		{A2833088-508B-4BB3-A8BC-A22E952404BC}.SingleImage|Any CPU.ActiveCfg = Release|Any CPU
		{A2833088-508B-4BB3-A8BC-A22E952404BC}.SingleImage|Any CPU.Build.0 = Release|Any CPU
		{A2833088-508B-4BB3-A8BC-A22E952404BC}.SingleImage|x64.ActiveCfg = Release|Any CPU
		{A2833088-508B-4BB3-A8BC-A22E952404BC}.SingleImage|x64.Build.0 = Release|Any CPU
		{A2833088-508B-4BB3-A8BC-A22E952404BC}.SingleImage|x86.ActiveCfg = Release|Any CPU
		{A2833088-508B-4BB3-A8BC-A22E952404BC}.SingleImage|x86.Build.0 = Release|Any CPU
		{DC7B20D0-B1D4-40E1-AF98-7C4DB3291A8D}.CD_ROM|Any CPU.ActiveCfg = Release|Any CPU
		{DC7B20D0-B1D4-40E1-AF98-7C4DB3291A8D}.CD_ROM|Any CPU.Build.0 = Release|Any CPU
		{DC7B20D0-B1D4-40E1-AF98-7C4DB3291A8D}.CD_ROM|x64.ActiveCfg = Release|Any CPU
		{DC7B20D0-B1D4-40E1-AF98-7C4DB3291A8D}.CD_ROM|x64.Build.0 = Release|Any CPU
		{DC7B20D0-B1D4-40E1-AF98-7C4DB3291A8D}.CD_ROM|x86.ActiveCfg = Release|Any CPU
		{DC7B20D0-B1D4-40E1-AF98-7C4DB3291A8D}.CD_ROM|x86.Build.0 = Release|Any CPU
		{DC7B20D0-B1D4-40E1-AF98-7C4DB3291A8D}.Debug|Any CPU.ActiveCfg = Debug|Any CPU
		{DC7B20D0-B1D4-40E1-AF98-7C4DB3291A8D}.Debug|Any CPU.Build.0 = Debug|Any CPU
		{DC7B20D0-B1D4-40E1-AF98-7C4DB3291A8D}.Debug|x64.ActiveCfg = Debug|Any CPU
		{DC7B20D0-B1D4-40E1-AF98-7C4DB3291A8D}.Debug|x64.Build.0 = Debug|Any CPU
		{DC7B20D0-B1D4-40E1-AF98-7C4DB3291A8D}.Debug|x86.ActiveCfg = Debug|Any CPU
		{DC7B20D0-B1D4-40E1-AF98-7C4DB3291A8D}.Debug|x86.Build.0 = Debug|Any CPU
		{DC7B20D0-B1D4-40E1-AF98-7C4DB3291A8D}.DVD-5|Any CPU.ActiveCfg = Debug|Any CPU
		{DC7B20D0-B1D4-40E1-AF98-7C4DB3291A8D}.DVD-5|Any CPU.Build.0 = Debug|Any CPU
		{DC7B20D0-B1D4-40E1-AF98-7C4DB3291A8D}.DVD-5|x64.ActiveCfg = Debug|Any CPU
		{DC7B20D0-B1D4-40E1-AF98-7C4DB3291A8D}.DVD-5|x64.Build.0 = Debug|Any CPU
		{DC7B20D0-B1D4-40E1-AF98-7C4DB3291A8D}.DVD-5|x86.ActiveCfg = Debug|Any CPU
		{DC7B20D0-B1D4-40E1-AF98-7C4DB3291A8D}.DVD-5|x86.Build.0 = Debug|Any CPU
		{DC7B20D0-B1D4-40E1-AF98-7C4DB3291A8D}.Release|Any CPU.ActiveCfg = Release|Any CPU
		{DC7B20D0-B1D4-40E1-AF98-7C4DB3291A8D}.Release|Any CPU.Build.0 = Release|Any CPU
		{DC7B20D0-B1D4-40E1-AF98-7C4DB3291A8D}.Release|x64.ActiveCfg = Release|Any CPU
		{DC7B20D0-B1D4-40E1-AF98-7C4DB3291A8D}.Release|x64.Build.0 = Release|Any CPU
		{DC7B20D0-B1D4-40E1-AF98-7C4DB3291A8D}.Release|x86.ActiveCfg = Release|Any CPU
		{DC7B20D0-B1D4-40E1-AF98-7C4DB3291A8D}.Release|x86.Build.0 = Release|Any CPU
		{DC7B20D0-B1D4-40E1-AF98-7C4DB3291A8D}.SingleImage|Any CPU.ActiveCfg = Release|Any CPU
		{DC7B20D0-B1D4-40E1-AF98-7C4DB3291A8D}.SingleImage|Any CPU.Build.0 = Release|Any CPU
		{DC7B20D0-B1D4-40E1-AF98-7C4DB3291A8D}.SingleImage|x64.ActiveCfg = Release|Any CPU
		{DC7B20D0-B1D4-40E1-AF98-7C4DB3291A8D}.SingleImage|x64.Build.0 = Release|Any CPU
		{DC7B20D0-B1D4-40E1-AF98-7C4DB3291A8D}.SingleImage|x86.ActiveCfg = Release|Any CPU
		{DC7B20D0-B1D4-40E1-AF98-7C4DB3291A8D}.SingleImage|x86.Build.0 = Release|Any CPU
		{6DBEC34A-2726-45A1-B685-54540F5BBC1E}.CD_ROM|Any CPU.ActiveCfg = Release|Any CPU
		{6DBEC34A-2726-45A1-B685-54540F5BBC1E}.CD_ROM|Any CPU.Build.0 = Release|Any CPU
		{6DBEC34A-2726-45A1-B685-54540F5BBC1E}.CD_ROM|x64.ActiveCfg = Release|Any CPU
		{6DBEC34A-2726-45A1-B685-54540F5BBC1E}.CD_ROM|x64.Build.0 = Release|Any CPU
		{6DBEC34A-2726-45A1-B685-54540F5BBC1E}.CD_ROM|x86.ActiveCfg = Release|Any CPU
		{6DBEC34A-2726-45A1-B685-54540F5BBC1E}.CD_ROM|x86.Build.0 = Release|Any CPU
		{6DBEC34A-2726-45A1-B685-54540F5BBC1E}.Debug|Any CPU.ActiveCfg = Debug|Any CPU
		{6DBEC34A-2726-45A1-B685-54540F5BBC1E}.Debug|Any CPU.Build.0 = Debug|Any CPU
		{6DBEC34A-2726-45A1-B685-54540F5BBC1E}.Debug|x64.ActiveCfg = Debug|Any CPU
		{6DBEC34A-2726-45A1-B685-54540F5BBC1E}.Debug|x64.Build.0 = Debug|Any CPU
		{6DBEC34A-2726-45A1-B685-54540F5BBC1E}.Debug|x86.ActiveCfg = Debug|Any CPU
		{6DBEC34A-2726-45A1-B685-54540F5BBC1E}.Debug|x86.Build.0 = Debug|Any CPU
		{6DBEC34A-2726-45A1-B685-54540F5BBC1E}.DVD-5|Any CPU.ActiveCfg = Debug|Any CPU
		{6DBEC34A-2726-45A1-B685-54540F5BBC1E}.DVD-5|Any CPU.Build.0 = Debug|Any CPU
		{6DBEC34A-2726-45A1-B685-54540F5BBC1E}.DVD-5|x64.ActiveCfg = Debug|Any CPU
		{6DBEC34A-2726-45A1-B685-54540F5BBC1E}.DVD-5|x64.Build.0 = Debug|Any CPU
		{6DBEC34A-2726-45A1-B685-54540F5BBC1E}.DVD-5|x86.ActiveCfg = Debug|Any CPU
		{6DBEC34A-2726-45A1-B685-54540F5BBC1E}.DVD-5|x86.Build.0 = Debug|Any CPU
		{6DBEC34A-2726-45A1-B685-54540F5BBC1E}.Release|Any CPU.ActiveCfg = Release|Any CPU
		{6DBEC34A-2726-45A1-B685-54540F5BBC1E}.Release|Any CPU.Build.0 = Release|Any CPU
		{6DBEC34A-2726-45A1-B685-54540F5BBC1E}.Release|x64.ActiveCfg = Release|Any CPU
		{6DBEC34A-2726-45A1-B685-54540F5BBC1E}.Release|x64.Build.0 = Release|Any CPU
		{6DBEC34A-2726-45A1-B685-54540F5BBC1E}.Release|x86.ActiveCfg = Release|Any CPU
		{6DBEC34A-2726-45A1-B685-54540F5BBC1E}.Release|x86.Build.0 = Release|Any CPU
		{6DBEC34A-2726-45A1-B685-54540F5BBC1E}.SingleImage|Any CPU.ActiveCfg = Release|Any CPU
		{6DBEC34A-2726-45A1-B685-54540F5BBC1E}.SingleImage|Any CPU.Build.0 = Release|Any CPU
		{6DBEC34A-2726-45A1-B685-54540F5BBC1E}.SingleImage|x64.ActiveCfg = Release|Any CPU
		{6DBEC34A-2726-45A1-B685-54540F5BBC1E}.SingleImage|x64.Build.0 = Release|Any CPU
		{6DBEC34A-2726-45A1-B685-54540F5BBC1E}.SingleImage|x86.ActiveCfg = Release|Any CPU
		{6DBEC34A-2726-45A1-B685-54540F5BBC1E}.SingleImage|x86.Build.0 = Release|Any CPU
		{7604475A-41C0-4F1C-B36D-3515BE9C0C30}.CD_ROM|Any CPU.ActiveCfg = Release|Any CPU
		{7604475A-41C0-4F1C-B36D-3515BE9C0C30}.CD_ROM|Any CPU.Build.0 = Release|Any CPU
		{7604475A-41C0-4F1C-B36D-3515BE9C0C30}.CD_ROM|x64.ActiveCfg = Release|Any CPU
		{7604475A-41C0-4F1C-B36D-3515BE9C0C30}.CD_ROM|x64.Build.0 = Release|Any CPU
		{7604475A-41C0-4F1C-B36D-3515BE9C0C30}.CD_ROM|x86.ActiveCfg = Release|Any CPU
		{7604475A-41C0-4F1C-B36D-3515BE9C0C30}.CD_ROM|x86.Build.0 = Release|Any CPU
		{7604475A-41C0-4F1C-B36D-3515BE9C0C30}.Debug|Any CPU.ActiveCfg = Debug|Any CPU
		{7604475A-41C0-4F1C-B36D-3515BE9C0C30}.Debug|Any CPU.Build.0 = Debug|Any CPU
		{7604475A-41C0-4F1C-B36D-3515BE9C0C30}.Debug|x64.ActiveCfg = Debug|Any CPU
		{7604475A-41C0-4F1C-B36D-3515BE9C0C30}.Debug|x64.Build.0 = Debug|Any CPU
		{7604475A-41C0-4F1C-B36D-3515BE9C0C30}.Debug|x86.ActiveCfg = Debug|Any CPU
		{7604475A-41C0-4F1C-B36D-3515BE9C0C30}.Debug|x86.Build.0 = Debug|Any CPU
		{7604475A-41C0-4F1C-B36D-3515BE9C0C30}.DVD-5|Any CPU.ActiveCfg = Debug|Any CPU
		{7604475A-41C0-4F1C-B36D-3515BE9C0C30}.DVD-5|Any CPU.Build.0 = Debug|Any CPU
		{7604475A-41C0-4F1C-B36D-3515BE9C0C30}.DVD-5|x64.ActiveCfg = Debug|Any CPU
		{7604475A-41C0-4F1C-B36D-3515BE9C0C30}.DVD-5|x64.Build.0 = Debug|Any CPU
		{7604475A-41C0-4F1C-B36D-3515BE9C0C30}.DVD-5|x86.ActiveCfg = Debug|Any CPU
		{7604475A-41C0-4F1C-B36D-3515BE9C0C30}.DVD-5|x86.Build.0 = Debug|Any CPU
		{7604475A-41C0-4F1C-B36D-3515BE9C0C30}.Release|Any CPU.ActiveCfg = Release|Any CPU
		{7604475A-41C0-4F1C-B36D-3515BE9C0C30}.Release|Any CPU.Build.0 = Release|Any CPU
		{7604475A-41C0-4F1C-B36D-3515BE9C0C30}.Release|x64.ActiveCfg = Release|Any CPU
		{7604475A-41C0-4F1C-B36D-3515BE9C0C30}.Release|x64.Build.0 = Release|Any CPU
		{7604475A-41C0-4F1C-B36D-3515BE9C0C30}.Release|x86.ActiveCfg = Release|Any CPU
		{7604475A-41C0-4F1C-B36D-3515BE9C0C30}.Release|x86.Build.0 = Release|Any CPU
		{7604475A-41C0-4F1C-B36D-3515BE9C0C30}.SingleImage|Any CPU.ActiveCfg = Release|Any CPU
		{7604475A-41C0-4F1C-B36D-3515BE9C0C30}.SingleImage|Any CPU.Build.0 = Release|Any CPU
		{7604475A-41C0-4F1C-B36D-3515BE9C0C30}.SingleImage|x64.ActiveCfg = Release|Any CPU
		{7604475A-41C0-4F1C-B36D-3515BE9C0C30}.SingleImage|x64.Build.0 = Release|Any CPU
		{7604475A-41C0-4F1C-B36D-3515BE9C0C30}.SingleImage|x86.ActiveCfg = Release|Any CPU
		{7604475A-41C0-4F1C-B36D-3515BE9C0C30}.SingleImage|x86.Build.0 = Release|Any CPU
		{BA474BB4-D7F2-4C14-BCBC-558B10C1AE9B}.CD_ROM|Any CPU.ActiveCfg = Release|Any CPU
		{BA474BB4-D7F2-4C14-BCBC-558B10C1AE9B}.CD_ROM|Any CPU.Build.0 = Release|Any CPU
		{BA474BB4-D7F2-4C14-BCBC-558B10C1AE9B}.CD_ROM|x64.ActiveCfg = Release|Any CPU
		{BA474BB4-D7F2-4C14-BCBC-558B10C1AE9B}.CD_ROM|x64.Build.0 = Release|Any CPU
		{BA474BB4-D7F2-4C14-BCBC-558B10C1AE9B}.CD_ROM|x86.ActiveCfg = Release|Any CPU
		{BA474BB4-D7F2-4C14-BCBC-558B10C1AE9B}.CD_ROM|x86.Build.0 = Release|Any CPU
		{BA474BB4-D7F2-4C14-BCBC-558B10C1AE9B}.Debug|Any CPU.ActiveCfg = Debug|Any CPU
		{BA474BB4-D7F2-4C14-BCBC-558B10C1AE9B}.Debug|Any CPU.Build.0 = Debug|Any CPU
		{BA474BB4-D7F2-4C14-BCBC-558B10C1AE9B}.Debug|x64.ActiveCfg = Debug|Any CPU
		{BA474BB4-D7F2-4C14-BCBC-558B10C1AE9B}.Debug|x64.Build.0 = Debug|Any CPU
		{BA474BB4-D7F2-4C14-BCBC-558B10C1AE9B}.Debug|x86.ActiveCfg = Debug|Any CPU
		{BA474BB4-D7F2-4C14-BCBC-558B10C1AE9B}.Debug|x86.Build.0 = Debug|Any CPU
		{BA474BB4-D7F2-4C14-BCBC-558B10C1AE9B}.DVD-5|Any CPU.ActiveCfg = Debug|Any CPU
		{BA474BB4-D7F2-4C14-BCBC-558B10C1AE9B}.DVD-5|Any CPU.Build.0 = Debug|Any CPU
		{BA474BB4-D7F2-4C14-BCBC-558B10C1AE9B}.DVD-5|x64.ActiveCfg = Debug|Any CPU
		{BA474BB4-D7F2-4C14-BCBC-558B10C1AE9B}.DVD-5|x64.Build.0 = Debug|Any CPU
		{BA474BB4-D7F2-4C14-BCBC-558B10C1AE9B}.DVD-5|x86.ActiveCfg = Debug|Any CPU
		{BA474BB4-D7F2-4C14-BCBC-558B10C1AE9B}.DVD-5|x86.Build.0 = Debug|Any CPU
		{BA474BB4-D7F2-4C14-BCBC-558B10C1AE9B}.Release|Any CPU.ActiveCfg = Release|Any CPU
		{BA474BB4-D7F2-4C14-BCBC-558B10C1AE9B}.Release|Any CPU.Build.0 = Release|Any CPU
		{BA474BB4-D7F2-4C14-BCBC-558B10C1AE9B}.Release|x64.ActiveCfg = Release|Any CPU
		{BA474BB4-D7F2-4C14-BCBC-558B10C1AE9B}.Release|x64.Build.0 = Release|Any CPU
		{BA474BB4-D7F2-4C14-BCBC-558B10C1AE9B}.Release|x86.ActiveCfg = Release|Any CPU
		{BA474BB4-D7F2-4C14-BCBC-558B10C1AE9B}.Release|x86.Build.0 = Release|Any CPU
		{BA474BB4-D7F2-4C14-BCBC-558B10C1AE9B}.SingleImage|Any CPU.ActiveCfg = Release|Any CPU
		{BA474BB4-D7F2-4C14-BCBC-558B10C1AE9B}.SingleImage|Any CPU.Build.0 = Release|Any CPU
		{BA474BB4-D7F2-4C14-BCBC-558B10C1AE9B}.SingleImage|x64.ActiveCfg = Release|Any CPU
		{BA474BB4-D7F2-4C14-BCBC-558B10C1AE9B}.SingleImage|x64.Build.0 = Release|Any CPU
		{BA474BB4-D7F2-4C14-BCBC-558B10C1AE9B}.SingleImage|x86.ActiveCfg = Release|Any CPU
		{BA474BB4-D7F2-4C14-BCBC-558B10C1AE9B}.SingleImage|x86.Build.0 = Release|Any CPU
	EndGlobalSection
	GlobalSection(SolutionProperties) = preSolution
		HideSolutionNode = FALSE
	EndGlobalSection
EndGlobal
